
Microsoft Visual Studio Solution File, Format Version 12.00
# Visual Studio Version 17
VisualStudioVersion = 17.3.32811.315
MinimumVisualStudioVersion = 10.0.40219.1
Project("{8BC9CEB8-8B4A-11D0-8D11-00A0C91BC942}") = "project 7 - Undo-Redo project", "project 7 - Undo-Redo project.vcxproj", "{EBBAAA0A-70DB-4C06-A12C-396CB86A2F99}"
EndProject
Global
	GlobalSection(SolutionConfigurationPlatforms) = preSolution
		Debug|x64 = Debug|x64
		Debug|x86 = Debug|x86
		Release|x64 = Release|x64
		Release|x86 = Release|x86
	EndGlobalSection
	GlobalSection(ProjectConfigurationPlatforms) = postSolution
		{EBBAAA0A-70DB-4C06-A12C-396CB86A2F99}.Debug|x64.ActiveCfg = Debug|x64
		{EBBAAA0A-70DB-4C06-A12C-396CB86A2F99}.Debug|x64.Build.0 = Debug|x64
		{EBBAAA0A-70DB-4C06-A12C-396CB86A2F99}.Debug|x86.ActiveCfg = Debug|Win32
		{EBBAAA0A-70DB-4C06-A12C-396CB86A2F99}.Debug|x86.Build.0 = Debug|Win32
		{EBBAAA0A-70DB-4C06-A12C-396CB86A2F99}.Release|x64.ActiveCfg = Release|x64
		{EBBAAA0A-70DB-4C06-A12C-396CB86A2F99}.Release|x64.Build.0 = Release|x64
		{EBBAAA0A-70DB-4C06-A12C-396CB86A2F99}.Release|x86.ActiveCfg = Release|Win32
		{EBBAAA0A-70DB-4C06-A12C-396CB86A2F99}.Release|x86.Build.0 = Release|Win32
	EndGlobalSection
	GlobalSection(SolutionProperties) = preSolution
		HideSolutionNode = FALSE
	EndGlobalSection
	GlobalSection(ExtensibilityGlobals) = postSolution
		SolutionGuid = {6A44186D-9505-4146-8C80-32475B151048}
	EndGlobalSection
EndGlobal
